// !$*UTF8*$!
{
	archiveVersion = 1;
	classes = {
	};
	objectVersion = 77;
	objects = {

/* Begin PBXBuildFile section */
		C2180BFE2F2FCF1B00480ABD /* EnclosureNotificationContentExtension.appex in Embed Foundation Extensions */ = {isa = PBXBuildFile; fileRef = C2180BF72F2FCF1B00480ABD /* EnclosureNotificationContentExtension.appex */; settings = {ATTRIBUTES = (RemoveHeadersOnCopy, ); }; };
		C2449CA02F1FC930003B6DB7 /* PopGestureRecognizerSwiftUI in Frameworks */ = {isa = PBXBuildFile; productRef = C2449C9F2F1FC930003B6DB7 /* PopGestureRecognizerSwiftUI */; };
		C261E29A2D95334700E1CFE6 /* Alamofire in Frameworks */ = {isa = PBXBuildFile; productRef = C261E2992D95334700E1CFE6 /* Alamofire */; };
		C261E29B2D95334700E1CFE7 /* FirebaseCore in Frameworks */ = {isa = PBXBuildFile; productRef = C261E29C2D95334700E1CFE7 /* FirebaseCore */; };
		C261E29D2D95334700E1CFE8 /* FirebaseMessaging in Frameworks */ = {isa = PBXBuildFile; productRef = C261E29E2D95334700E1CFE8 /* FirebaseMessaging */; };
		C281549F2EE56B560033FB02 /* FirebaseAI in Frameworks */ = {isa = PBXBuildFile; productRef = C281549E2EE56B560033FB02 /* FirebaseAI */; };
		C28154A12EE56B560033FB02 /* FirebaseAnalytics in Frameworks */ = {isa = PBXBuildFile; productRef = C28154A02EE56B560033FB02 /* FirebaseAnalytics */; };
		C28154A32EE56B560033FB02 /* FirebaseAnalyticsCore in Frameworks */ = {isa = PBXBuildFile; productRef = C28154A22EE56B560033FB02 /* FirebaseAnalyticsCore */; };
		C28154A52EE56B560033FB02 /* FirebaseAnalyticsIdentitySupport in Frameworks */ = {isa = PBXBuildFile; productRef = C28154A42EE56B560033FB02 /* FirebaseAnalyticsIdentitySupport */; };
		C28154A92EE56B560033FB02 /* FirebaseAuth in Frameworks */ = {isa = PBXBuildFile; productRef = C28154A82EE56B560033FB02 /* FirebaseAuth */; };
		C28154AB2EE56B560033FB02 /* FirebaseCrashlytics in Frameworks */ = {isa = PBXBuildFile; productRef = C28154AA2EE56B560033FB02 /* FirebaseCrashlytics */; };
		C28154AD2EE56B560033FB02 /* FirebaseDatabase in Frameworks */ = {isa = PBXBuildFile; productRef = C28154AC2EE56B560033FB02 /* FirebaseDatabase */; };
		C28154B12EE56B560033FB02 /* FirebaseStorage in Frameworks */ = {isa = PBXBuildFile; productRef = C28154B02EE56B560033FB02 /* FirebaseStorage */; };
		C2B6C8E02F33122B00F17B5E /* EnclosureNotificationService.appex in Embed Foundation Extensions */ = {isa = PBXBuildFile; fileRef = C2B6C8D92F33122B00F17B5E /* EnclosureNotificationService.appex */; settings = {ATTRIBUTES = (RemoveHeadersOnCopy, ); }; };
		C2C0913E2F18C29400932D59 /* EnclosureShareExtension.appex in Embed Foundation Extensions */ = {isa = PBXBuildFile; fileRef = C2C091342F18C29400932D59 /* EnclosureShareExtension.appex */; settings = {ATTRIBUTES = (RemoveHeadersOnCopy, ); }; };
		C2CC67FF2F064961004ABBF9 /* Lottie in Frameworks */ = {isa = PBXBuildFile; productRef = C2CC67FE2F064961004ABBF9 /* Lottie */; };
/* End PBXBuildFile section */

/* Begin PBXContainerItemProxy section */
		C2180BFC2F2FCF1B00480ABD /* PBXContainerItemProxy */ = {
			isa = PBXContainerItemProxy;
			containerPortal = C22079602D848199006AA986 /* Project object */;
			proxyType = 1;
			remoteGlobalIDString = C2180BF62F2FCF1B00480ABD;
			remoteInfo = EnclosureNotificationService;
		};
		C220797E2D84819C006AA986 /* PBXContainerItemProxy */ = {
			isa = PBXContainerItemProxy;
			containerPortal = C22079602D848199006AA986 /* Project object */;
			proxyType = 1;
			remoteGlobalIDString = C22079672D848199006AA986;
			remoteInfo = Enclosure;
		};
		C22079882D84819C006AA986 /* PBXContainerItemProxy */ = {
			isa = PBXContainerItemProxy;
			containerPortal = C22079602D848199006AA986 /* Project object */;
			proxyType = 1;
			remoteGlobalIDString = C22079672D848199006AA986;
			remoteInfo = Enclosure;
		};
		C2B6C8DE2F33122B00F17B5E /* PBXContainerItemProxy */ = {
			isa = PBXContainerItemProxy;
			containerPortal = C22079602D848199006AA986 /* Project object */;
			proxyType = 1;
			remoteGlobalIDString = C2B6C8D82F33122B00F17B5E;
			remoteInfo = EnclosureNotificationService;
		};
		C2C0913C2F18C29400932D59 /* PBXContainerItemProxy */ = {
			isa = PBXContainerItemProxy;
			containerPortal = C22079602D848199006AA986 /* Project object */;
			proxyType = 1;
			remoteGlobalIDString = C2C091332F18C29400932D59;
			remoteInfo = EnclosureShareExtension;
		};
/* End PBXContainerItemProxy section */

/* Begin PBXCopyFilesBuildPhase section */
		C2C091432F18C29400932D59 /* Embed Foundation Extensions */ = {
			isa = PBXCopyFilesBuildPhase;
			buildActionMask = 12;
			dstPath = "";
			dstSubfolderSpec = 13;
			files = (
				C2180BFE2F2FCF1B00480ABD /* EnclosureNotificationContentExtension.appex in Embed Foundation Extensions */,
				C2B6C8E02F33122B00F17B5E /* EnclosureNotificationService.appex in Embed Foundation Extensions */,
				C2C0913E2F18C29400932D59 /* EnclosureShareExtension.appex in Embed Foundation Extensions */,
			);
			name = "Embed Foundation Extensions";
			runOnlyForDeploymentPostprocessing = 0;
		};
/* End PBXCopyFilesBuildPhase section */

/* Begin PBXFileReference section */
		15A596267C037A605DC43C66 /* Pods-Enclosure.release.xcconfig */ = {isa = PBXFileReference; includeInIndex = 1; lastKnownFileType = text.xcconfig; name = "Pods-Enclosure.release.xcconfig"; path = "Target Support Files/Pods-Enclosure/Pods-Enclosure.release.xcconfig"; sourceTree = "<group>"; };
		1978B070292955F905D3E082 /* libPods-Enclosure.a */ = {isa = PBXFileReference; explicitFileType = archive.ar; includeInIndex = 0; path = "libPods-Enclosure.a"; sourceTree = BUILT_PRODUCTS_DIR; };
		BB3C7F557CB60F0727B04572 /* Pods-Enclosure.debug.xcconfig */ = {isa = PBXFileReference; includeInIndex = 1; lastKnownFileType = text.xcconfig; name = "Pods-Enclosure.debug.xcconfig"; path = "Target Support Files/Pods-Enclosure/Pods-Enclosure.debug.xcconfig"; sourceTree = "<group>"; };
		C2180BF72F2FCF1B00480ABD /* EnclosureNotificationContentExtension.appex */ = {isa = PBXFileReference; explicitFileType = "wrapper.app-extension"; includeInIndex = 0; path = EnclosureNotificationContentExtension.appex; sourceTree = BUILT_PRODUCTS_DIR; };
		C22079682D848199006AA986 /* Enclosure.app */ = {isa = PBXFileReference; explicitFileType = wrapper.application; includeInIndex = 0; path = Enclosure.app; sourceTree = BUILT_PRODUCTS_DIR; };
		C220797D2D84819C006AA986 /* EnclosureTests.xctest */ = {isa = PBXFileReference; explicitFileType = wrapper.cfbundle; includeInIndex = 0; path = EnclosureTests.xctest; sourceTree = BUILT_PRODUCTS_DIR; };
		C22079872D84819C006AA986 /* EnclosureUITests.xctest */ = {isa = PBXFileReference; explicitFileType = wrapper.cfbundle; includeInIndex = 0; path = EnclosureUITests.xctest; sourceTree = BUILT_PRODUCTS_DIR; };
		C2B6C8D92F33122B00F17B5E /* EnclosureNotificationService.appex */ = {isa = PBXFileReference; explicitFileType = "wrapper.app-extension"; includeInIndex = 0; path = EnclosureNotificationService.appex; sourceTree = BUILT_PRODUCTS_DIR; };
		C2C091342F18C29400932D59 /* EnclosureShareExtension.appex */ = {isa = PBXFileReference; explicitFileType = "wrapper.app-extension"; includeInIndex = 0; path = EnclosureShareExtension.appex; sourceTree = BUILT_PRODUCTS_DIR; };
/* End PBXFileReference section */

/* Begin PBXFileSystemSynchronizedBuildFileExceptionSet section */
		C2B3CE082D856C4D0002A0C6 /* Exceptions for "Enclosure" folder in "Enclosure" target */ = {
			isa = PBXFileSystemSynchronizedBuildFileExceptionSet;
			membershipExceptions = (
				Info.plist,
			);
			target = C22079672D848199006AA986 /* Enclosure */;
		};
		C2B6C8E42F33122B00F17B5E /* Exceptions for "EnclosureNotificationService" folder in "EnclosureNotificationService" target */ = {
			isa = PBXFileSystemSynchronizedBuildFileExceptionSet;
			membershipExceptions = (
				Info.plist,
			);
			target = C2B6C8D82F33122B00F17B5E /* EnclosureNotificationService */;
		};
		C2C091422F18C29400932D59 /* Exceptions for "EnclosureShareExtension" folder in "EnclosureShareExtension" target */ = {
			isa = PBXFileSystemSynchronizedBuildFileExceptionSet;
			membershipExceptions = (
				Info.plist,
			);
			target = C2C091332F18C29400932D59 /* EnclosureShareExtension */;
		};
		C3A0C1102F3A0001 /* Exceptions for "EnclosureNotificationContentExtension" folder in "EnclosureNotificationContentExtension" target */ = {
			isa = PBXFileSystemSynchronizedBuildFileExceptionSet;
			membershipExceptions = (
				Info.plist,
			);
			target = C2180BF62F2FCF1B00480ABD /* EnclosureNotificationContentExtension */;
		};
/* End PBXFileSystemSynchronizedBuildFileExceptionSet section */

/* Begin PBXFileSystemSynchronizedRootGroup section */
		C220796A2D848199006AA986 /* Enclosure */ = {
			isa = PBXFileSystemSynchronizedRootGroup;
			exceptions = (
				C2B3CE082D856C4D0002A0C6 /* Exceptions for "Enclosure" folder in "Enclosure" target */,
			);
			path = Enclosure;
			sourceTree = "<group>";
		};
		C22079802D84819C006AA986 /* EnclosureTests */ = {
			isa = PBXFileSystemSynchronizedRootGroup;
			path = EnclosureTests;
			sourceTree = "<group>";
		};
		C220798A2D84819C006AA986 /* EnclosureUITests */ = {
			isa = PBXFileSystemSynchronizedRootGroup;
			path = EnclosureUITests;
			sourceTree = "<group>";
		};
		C2B6C8DA2F33122B00F17B5E /* EnclosureNotificationService */ = {
			isa = PBXFileSystemSynchronizedRootGroup;
			exceptions = (
				C2B6C8E42F33122B00F17B5E /* Exceptions for "EnclosureNotificationService" folder in "EnclosureNotificationService" target */,
			);
			path = EnclosureNotificationService;
			sourceTree = "<group>";
		};
		C2C091352F18C29400932D59 /* EnclosureShareExtension */ = {
			isa = PBXFileSystemSynchronizedRootGroup;
			exceptions = (
				C2C091422F18C29400932D59 /* Exceptions for "EnclosureShareExtension" folder in "EnclosureShareExtension" target */,
			);
			path = EnclosureShareExtension;
			sourceTree = "<group>";
		};
		C3A0C1002F3A0001 /* EnclosureNotificationContentExtension */ = {
			isa = PBXFileSystemSynchronizedRootGroup;
			exceptions = (
				C3A0C1102F3A0001 /* Exceptions for "EnclosureNotificationContentExtension" folder in "EnclosureNotificationContentExtension" target */,
			);
			path = EnclosureNotificationContentExtension;
			sourceTree = "<group>";
		};
/* End PBXFileSystemSynchronizedRootGroup section */

/* Begin PBXFrameworksBuildPhase section */
		C2180BF42F2FCF1B00480ABD /* Frameworks */ = {
			isa = PBXFrameworksBuildPhase;
			buildActionMask = 2147483647;
			files = (
			);
			runOnlyForDeploymentPostprocessing = 0;
		};
		C22079652D848199006AA986 /* Frameworks */ = {
			isa = PBXFrameworksBuildPhase;
			buildActionMask = 2147483647;
			files = (
				C2449CA02F1FC930003B6DB7 /* PopGestureRecognizerSwiftUI in Frameworks */,
				C261E29A2D95334700E1CFE6 /* Alamofire in Frameworks */,
				C2CC67FF2F064961004ABBF9 /* Lottie in Frameworks */,
				C28154A32EE56B560033FB02 /* FirebaseAnalyticsCore in Frameworks */,
				C281549F2EE56B560033FB02 /* FirebaseAI in Frameworks */,
				C28154A52EE56B560033FB02 /* FirebaseAnalyticsIdentitySupport in Frameworks */,
				C28154A92EE56B560033FB02 /* FirebaseAuth in Frameworks */,
				C261E29B2D95334700E1CFE7 /* FirebaseCore in Frameworks */,
				C28154A12EE56B560033FB02 /* FirebaseAnalytics in Frameworks */,
				C28154AB2EE56B560033FB02 /* FirebaseCrashlytics in Frameworks */,
				C28154B12EE56B560033FB02 /* FirebaseStorage in Frameworks */,
				C28154AD2EE56B560033FB02 /* FirebaseDatabase in Frameworks */,
				C261E29D2D95334700E1CFE8 /* FirebaseMessaging in Frameworks */,
			);
			runOnlyForDeploymentPostprocessing = 0;
		};
		C220797A2D84819C006AA986 /* Frameworks */ = {
			isa = PBXFrameworksBuildPhase;
			buildActionMask = 2147483647;
			files = (
			);
			runOnlyForDeploymentPostprocessing = 0;
		};
		C22079842D84819C006AA986 /* Frameworks */ = {
			isa = PBXFrameworksBuildPhase;
			buildActionMask = 2147483647;
			files = (
			);
			runOnlyForDeploymentPostprocessing = 0;
		};
		C2B6C8D62F33122B00F17B5E /* Frameworks */ = {
			isa = PBXFrameworksBuildPhase;
			buildActionMask = 2147483647;
			files = (
			);
			runOnlyForDeploymentPostprocessing = 0;
		};
		C2C091312F18C29400932D59 /* Frameworks */ = {
			isa = PBXFrameworksBuildPhase;
			buildActionMask = 2147483647;
			files = (
			);
			runOnlyForDeploymentPostprocessing = 0;
		};
/* End PBXFrameworksBuildPhase section */

/* Begin PBXGroup section */
		3772520C73A97BD25E44848F /* Pods */ = {
			isa = PBXGroup;
			children = (
				BB3C7F557CB60F0727B04572 /* Pods-Enclosure.debug.xcconfig */,
				15A596267C037A605DC43C66 /* Pods-Enclosure.release.xcconfig */,
			);
			path = Pods;
			sourceTree = "<group>";
		};
		6BB14EBB2865FB82F2259F9E /* Frameworks */ = {
			isa = PBXGroup;
			children = (
				1978B070292955F905D3E082 /* libPods-Enclosure.a */,
			);
			name = Frameworks;
			sourceTree = "<group>";
		};
		C220795F2D848199006AA986 = {
			isa = PBXGroup;
			children = (
				C220796A2D848199006AA986 /* Enclosure */,
				C22079802D84819C006AA986 /* EnclosureTests */,
				C220798A2D84819C006AA986 /* EnclosureUITests */,
				C2C091352F18C29400932D59 /* EnclosureShareExtension */,
				C3A0C1002F3A0001 /* EnclosureNotificationContentExtension */,
				C2B6C8DA2F33122B00F17B5E /* EnclosureNotificationService */,
				C22079692D848199006AA986 /* Products */,
				3772520C73A97BD25E44848F /* Pods */,
				6BB14EBB2865FB82F2259F9E /* Frameworks */,
			);
			sourceTree = "<group>";
		};
		C22079692D848199006AA986 /* Products */ = {
			isa = PBXGroup;
			children = (
				C22079682D848199006AA986 /* Enclosure.app */,
				C220797D2D84819C006AA986 /* EnclosureTests.xctest */,
				C22079872D84819C006AA986 /* EnclosureUITests.xctest */,
				C2C091342F18C29400932D59 /* EnclosureShareExtension.appex */,
				C2180BF72F2FCF1B00480ABD /* EnclosureNotificationContentExtension.appex */,
				C2B6C8D92F33122B00F17B5E /* EnclosureNotificationService.appex */,
			);
			name = Products;
			sourceTree = "<group>";
		};
/* End PBXGroup section */

/* Begin PBXNativeTarget section */
		C2180BF62F2FCF1B00480ABD /* EnclosureNotificationContentExtension */ = {
			isa = PBXNativeTarget;
			buildConfigurationList = C2180C012F2FCF1B00480ABD /* Build configuration list for PBXNativeTarget "EnclosureNotificationContentExtension" */;
			buildPhases = (
				C2180BF32F2FCF1B00480ABD /* Sources */,
				C2180BF42F2FCF1B00480ABD /* Frameworks */,
				C2180BF52F2FCF1B00480ABD /* Resources */,
			);
			buildRules = (
			);
			dependencies = (
			);
			fileSystemSynchronizedGroups = (
				C3A0C1002F3A0001 /* EnclosureNotificationContentExtension */,
			);
			name = EnclosureNotificationContentExtension;
			productName = EnclosureNotificationContentExtension;
			productReference = C2180BF72F2FCF1B00480ABD /* EnclosureNotificationContentExtension.appex */;
			productType = "com.apple.product-type.app-extension";
		};
		C22079672D848199006AA986 /* Enclosure */ = {
			isa = PBXNativeTarget;
			buildConfigurationList = C22079912D84819C006AA986 /* Build configuration list for PBXNativeTarget "Enclosure" */;
			buildPhases = (
				D118A3AD15A97126A4902775 /* [CP] Check Pods Manifest.lock */,
				C22079642D848199006AA986 /* Sources */,
				C22079652D848199006AA986 /* Frameworks */,
				C22079662D848199006AA986 /* Resources */,
				C2C091432F18C29400932D59 /* Embed Foundation Extensions */,
				204957088B0E5F5AA6EC80A9 /* [CP] Embed Pods Frameworks */,
			);
			buildRules = (
			);
			dependencies = (
				C2C0913D2F18C29400932D59 /* PBXTargetDependency */,
				C2180BFD2F2FCF1B00480ABD /* PBXTargetDependency */,
				C2B6C8DF2F33122B00F17B5E /* PBXTargetDependency */,
			);
			fileSystemSynchronizedGroups = (
				C220796A2D848199006AA986 /* Enclosure */,
			);
			name = Enclosure;
			packageProductDependencies = (
				C261E2992D95334700E1CFE6 /* Alamofire */,
				C261E29C2D95334700E1CFE7 /* FirebaseCore */,
				C261E29E2D95334700E1CFE8 /* FirebaseMessaging */,
				C281549E2EE56B560033FB02 /* FirebaseAI */,
				C28154A02EE56B560033FB02 /* FirebaseAnalytics */,
				C28154A22EE56B560033FB02 /* FirebaseAnalyticsCore */,
				C28154A42EE56B560033FB02 /* FirebaseAnalyticsIdentitySupport */,
				C28154A82EE56B560033FB02 /* FirebaseAuth */,
				C28154AA2EE56B560033FB02 /* FirebaseCrashlytics */,
				C28154AC2EE56B560033FB02 /* FirebaseDatabase */,
				C28154B02EE56B560033FB02 /* FirebaseStorage */,
				C2CC67FE2F064961004ABBF9 /* Lottie */,
				C2449C9F2F1FC930003B6DB7 /* PopGestureRecognizerSwiftUI */,
			);
			productName = Enclosure;
			productReference = C22079682D848199006AA986 /* Enclosure.app */;
			productType = "com.apple.product-type.application";
		};
		C220797C2D84819C006AA986 /* EnclosureTests */ = {
			isa = PBXNativeTarget;
			buildConfigurationList = C22079942D84819C006AA986 /* Build configuration list for PBXNativeTarget "EnclosureTests" */;
			buildPhases = (
				C22079792D84819C006AA986 /* Sources */,
				C220797A2D84819C006AA986 /* Frameworks */,
				C220797B2D84819C006AA986 /* Resources */,
			);
			buildRules = (
			);
			dependencies = (
				C220797F2D84819C006AA986 /* PBXTargetDependency */,
			);
			fileSystemSynchronizedGroups = (
				C22079802D84819C006AA986 /* EnclosureTests */,
			);
			name = EnclosureTests;
			productName = EnclosureTests;
			productReference = C220797D2D84819C006AA986 /* EnclosureTests.xctest */;
			productType = "com.apple.product-type.bundle.unit-test";
		};
		C22079862D84819C006AA986 /* EnclosureUITests */ = {
			isa = PBXNativeTarget;
			buildConfigurationList = C22079972D84819C006AA986 /* Build configuration list for PBXNativeTarget "EnclosureUITests" */;
			buildPhases = (
				C22079832D84819C006AA986 /* Sources */,
				C22079842D84819C006AA986 /* Frameworks */,
				C22079852D84819C006AA986 /* Resources */,
			);
			buildRules = (
			);
			dependencies = (
				C22079892D84819C006AA986 /* PBXTargetDependency */,
			);
			fileSystemSynchronizedGroups = (
				C220798A2D84819C006AA986 /* EnclosureUITests */,
			);
			name = EnclosureUITests;
			productName = EnclosureUITests;
			productReference = C22079872D84819C006AA986 /* EnclosureUITests.xctest */;
			productType = "com.apple.product-type.bundle.ui-testing";
		};
		C2B6C8D82F33122B00F17B5E /* EnclosureNotificationService */ = {
			isa = PBXNativeTarget;
			buildConfigurationList = C2B6C8E12F33122B00F17B5E /* Build configuration list for PBXNativeTarget "EnclosureNotificationService" */;
			buildPhases = (
				C2B6C8D52F33122B00F17B5E /* Sources */,
				C2B6C8D62F33122B00F17B5E /* Frameworks */,
				C2B6C8D72F33122B00F17B5E /* Resources */,
			);
			buildRules = (
			);
			dependencies = (
			);
			fileSystemSynchronizedGroups = (
				C2B6C8DA2F33122B00F17B5E /* EnclosureNotificationService */,
			);
			name = EnclosureNotificationService;
			productName = EnclosureNotificationService;
			productReference = C2B6C8D92F33122B00F17B5E /* EnclosureNotificationService.appex */;
			productType = "com.apple.product-type.app-extension";
		};
		C2C091332F18C29400932D59 /* EnclosureShareExtension */ = {
			isa = PBXNativeTarget;
			buildConfigurationList = C2C0913F2F18C29400932D59 /* Build configuration list for PBXNativeTarget "EnclosureShareExtension" */;
			buildPhases = (
				C2C091302F18C29400932D59 /* Sources */,
				C2C091312F18C29400932D59 /* Frameworks */,
				C2C091322F18C29400932D59 /* Resources */,
			);
			buildRules = (
			);
			dependencies = (
			);
			fileSystemSynchronizedGroups = (
				C2C091352F18C29400932D59 /* EnclosureShareExtension */,
			);
			name = EnclosureShareExtension;
			productName = EnclosureShareExtension;
			productReference = C2C091342F18C29400932D59 /* EnclosureShareExtension.appex */;
			productType = "com.apple.product-type.app-extension";
		};
/* End PBXNativeTarget section */

/* Begin PBXProject section */
		C22079602D848199006AA986 /* Project object */ = {
			isa = PBXProject;
			attributes = {
				BuildIndependentTargetsInParallel = 1;
				LastSwiftUpdateCheck = 2610;
				LastUpgradeCheck = 1620;
				TargetAttributes = {
					C2180BF62F2FCF1B00480ABD = {
						CreatedOnToolsVersion = 26.1.1;
					};
					C22079672D848199006AA986 = {
						CreatedOnToolsVersion = 16.2;
					};
					C220797C2D84819C006AA986 = {
						CreatedOnToolsVersion = 16.2;
						TestTargetID = C22079672D848199006AA986;
					};
					C22079862D84819C006AA986 = {
						CreatedOnToolsVersion = 16.2;
						TestTargetID = C22079672D848199006AA986;
					};
					C2B6C8D82F33122B00F17B5E = {
						CreatedOnToolsVersion = 26.1.1;
					};
					C2C091332F18C29400932D59 = {
						CreatedOnToolsVersion = 26.1.1;
					};
				};
			};
			buildConfigurationList = C22079632D848199006AA986 /* Build configuration list for PBXProject "Enclosure" */;
			developmentRegion = en;
			hasScannedForEncodings = 0;
			knownRegions = (
				en,
				Base,
			);
			mainGroup = C220795F2D848199006AA986;
			minimizedProjectReferenceProxies = 1;
			packageReferences = (
				C261E2982D95334700E1CFE6 /* XCRemoteSwiftPackageReference "Alamofire" */,
				C261E29F2D95334700E1CFE9 /* XCRemoteSwiftPackageReference "firebase-ios-sdk" */,
				C2CC67FD2F064961004ABBF9 /* XCRemoteSwiftPackageReference "lottie-ios" */,
				C2449C9E2F1FC930003B6DB7 /* XCRemoteSwiftPackageReference "PopGestureRecognizerSwiftUI" */,
			);
			preferredProjectObjectVersion = 77;
			productRefGroup = C22079692D848199006AA986 /* Products */;
			projectDirPath = "";
			projectRoot = "";
			targets = (
				C22079672D848199006AA986 /* Enclosure */,
				C220797C2D84819C006AA986 /* EnclosureTests */,
				C22079862D84819C006AA986 /* EnclosureUITests */,
				C2C091332F18C29400932D59 /* EnclosureShareExtension */,
				C2180BF62F2FCF1B00480ABD /* EnclosureNotificationContentExtension */,
				C2B6C8D82F33122B00F17B5E /* EnclosureNotificationService */,
			);
		};
/* End PBXProject section */

/* Begin PBXResourcesBuildPhase section */
		C2180BF52F2FCF1B00480ABD /* Resources */ = {
			isa = PBXResourcesBuildPhase;
			buildActionMask = 2147483647;
			files = (
			);
			runOnlyForDeploymentPostprocessing = 0;
		};
		C22079662D848199006AA986 /* Resources */ = {
			isa = PBXResourcesBuildPhase;
			buildActionMask = 2147483647;
			files = (
			);
			runOnlyForDeploymentPostprocessing = 0;
		};
		C220797B2D84819C006AA986 /* Resources */ = {
			isa = PBXResourcesBuildPhase;
			buildActionMask = 2147483647;
			files = (
			);
			runOnlyForDeploymentPostprocessing = 0;
		};
		C22079852D84819C006AA986 /* Resources */ = {
			isa = PBXResourcesBuildPhase;
			buildActionMask = 2147483647;
			files = (
			);
			runOnlyForDeploymentPostprocessing = 0;
		};
		C2B6C8D72F33122B00F17B5E /* Resources */ = {
			isa = PBXResourcesBuildPhase;
			buildActionMask = 2147483647;
			files = (
			);
			runOnlyForDeploymentPostprocessing = 0;
		};
		C2C091322F18C29400932D59 /* Resources */ = {
			isa = PBXResourcesBuildPhase;
			buildActionMask = 2147483647;
			files = (
			);
			runOnlyForDeploymentPostprocessing = 0;
		};
/* End PBXResourcesBuildPhase section */

/* Begin PBXShellScriptBuildPhase section */
		204957088B0E5F5AA6EC80A9 /* [CP] Embed Pods Frameworks */ = {
			isa = PBXShellScriptBuildPhase;
			buildActionMask = 2147483647;
			files = (
			);
			inputFileListPaths = (
				"${PODS_ROOT}/Target Support Files/Pods-Enclosure/Pods-Enclosure-frameworks-${CONFIGURATION}-input-files.xcfilelist",
			);
			inputPaths = (
			);
			name = "[CP] Embed Pods Frameworks";
			outputFileListPaths = (
				"${PODS_ROOT}/Target Support Files/Pods-Enclosure/Pods-Enclosure-frameworks-${CONFIGURATION}-output-files.xcfilelist",
			);
			outputPaths = (
			);
			runOnlyForDeploymentPostprocessing = 0;
			shellPath = /bin/sh;
			shellScript = "\"${PODS_ROOT}/Target Support Files/Pods-Enclosure/Pods-Enclosure-frameworks.sh\"\n";
			showEnvVarsInLog = 0;
		};
		D118A3AD15A97126A4902775 /* [CP] Check Pods Manifest.lock */ = {
			isa = PBXShellScriptBuildPhase;
			buildActionMask = 2147483647;
			files = (
			);
			inputFileListPaths = (
			);
			inputPaths = (
				"${PODS_PODFILE_DIR_PATH}/Podfile.lock",
				"${PODS_ROOT}/Manifest.lock",
			);
			name = "[CP] Check Pods Manifest.lock";
			outputFileListPaths = (
			);
			outputPaths = (
				"$(DERIVED_FILE_DIR)/Pods-Enclosure-checkManifestLockResult.txt",
			);
			runOnlyForDeploymentPostprocessing = 0;
			shellPath = /bin/sh;
			shellScript = "diff \"${PODS_PODFILE_DIR_PATH}/Podfile.lock\" \"${PODS_ROOT}/Manifest.lock\" > /dev/null\nif [ $? != 0 ] ; then\n    # print error to STDERR\n    echo \"error: The sandbox is not in sync with the Podfile.lock. Run 'pod install' or update your CocoaPods installation.\" >&2\n    exit 1\nfi\n# This output is used by Xcode 'outputs' to avoid re-running this script phase.\necho \"SUCCESS\" > \"${SCRIPT_OUTPUT_FILE_0}\"\n";
			showEnvVarsInLog = 0;
		};
/* End PBXShellScriptBuildPhase section */

/* Begin PBXSourcesBuildPhase section */
		C2180BF32F2FCF1B00480ABD /* Sources */ = {
			isa = PBXSourcesBuildPhase;
			buildActionMask = 2147483647;
			files = (
			);
			runOnlyForDeploymentPostprocessing = 0;
		};
		C22079642D848199006AA986 /* Sources */ = {
			isa = PBXSourcesBuildPhase;
			buildActionMask = 2147483647;
			files = (
			);
			runOnlyForDeploymentPostprocessing = 0;
		};
		C22079792D84819C006AA986 /* Sources */ = {
			isa = PBXSourcesBuildPhase;
			buildActionMask = 2147483647;
			files = (
			);
			runOnlyForDeploymentPostprocessing = 0;
		};
		C22079832D84819C006AA986 /* Sources */ = {
			isa = PBXSourcesBuildPhase;
			buildActionMask = 2147483647;
			files = (
			);
			runOnlyForDeploymentPostprocessing = 0;
		};
		C2B6C8D52F33122B00F17B5E /* Sources */ = {
			isa = PBXSourcesBuildPhase;
			buildActionMask = 2147483647;
			files = (
			);
			runOnlyForDeploymentPostprocessing = 0;
		};
		C2C091302F18C29400932D59 /* Sources */ = {
			isa = PBXSourcesBuildPhase;
			buildActionMask = 2147483647;
			files = (
			);
			runOnlyForDeploymentPostprocessing = 0;
		};
/* End PBXSourcesBuildPhase section */

/* Begin PBXTargetDependency section */
		C2180BFD2F2FCF1B00480ABD /* PBXTargetDependency */ = {
			isa = PBXTargetDependency;
			target = C2180BF62F2FCF1B00480ABD /* EnclosureNotificationContentExtension */;
			targetProxy = C2180BFC2F2FCF1B00480ABD /* PBXContainerItemProxy */;
		};
		C220797F2D84819C006AA986 /* PBXTargetDependency */ = {
			isa = PBXTargetDependency;
			target = C22079672D848199006AA986 /* Enclosure */;
			targetProxy = C220797E2D84819C006AA986 /* PBXContainerItemProxy */;
		};
		C22079892D84819C006AA986 /* PBXTargetDependency */ = {
			isa = PBXTargetDependency;
			target = C22079672D848199006AA986 /* Enclosure */;
			targetProxy = C22079882D84819C006AA986 /* PBXContainerItemProxy */;
		};
		C2B6C8DF2F33122B00F17B5E /* PBXTargetDependency */ = {
			isa = PBXTargetDependency;
			target = C2B6C8D82F33122B00F17B5E /* EnclosureNotificationService */;
			targetProxy = C2B6C8DE2F33122B00F17B5E /* PBXContainerItemProxy */;
		};
		C2C0913D2F18C29400932D59 /* PBXTargetDependency */ = {
			isa = PBXTargetDependency;
			target = C2C091332F18C29400932D59 /* EnclosureShareExtension */;
			targetProxy = C2C0913C2F18C29400932D59 /* PBXContainerItemProxy */;
		};
/* End PBXTargetDependency section */

/* Begin XCBuildConfiguration section */
		C2180BFF2F2FCF1B00480ABD /* Debug */ = {
			isa = XCBuildConfiguration;
			buildSettings = {
				CODE_SIGN_ENTITLEMENTS = EnclosureNotificationContentExtension/EnclosureNotificationContentExtension.entitlements;
				CODE_SIGN_IDENTITY = "Apple Development";
				CODE_SIGN_STYLE = Automatic;
				CURRENT_PROJECT_VERSION = 1;
				DEVELOPMENT_TEAM = XR82K974UJ;
				GENERATE_INFOPLIST_FILE = NO;
				INFOPLIST_FILE = EnclosureNotificationContentExtension/Info.plist;
				INFOPLIST_KEY_CFBundleDisplayName = EnclosureNotificationContentExtension;
				INFOPLIST_KEY_NSHumanReadableCopyright = "";
				IPHONEOS_DEPLOYMENT_TARGET = 15.0;
				LD_RUNPATH_SEARCH_PATHS = (
					"$(inherited)",
					"@executable_path/Frameworks",
					"@executable_path/../../Frameworks",
				);
				MARKETING_VERSION = 1.0;
				PRODUCT_BUNDLE_IDENTIFIER = com.enclosure.EnclosureNotificationContentExtension;
				PRODUCT_NAME = "$(TARGET_NAME)";
				PROVISIONING_PROFILE_SPECIFIER = "";
				SKIP_INSTALL = YES;
				STRING_CATALOG_GENERATE_SYMBOLS = YES;
				SWIFT_APPROACHABLE_CONCURRENCY = YES;
				SWIFT_EMIT_LOC_STRINGS = YES;
				SWIFT_UPCOMING_FEATURE_MEMBER_IMPORT_VISIBILITY = YES;
				SWIFT_VERSION = 5.0;
				TARGETED_DEVICE_FAMILY = "1,2";
			};
			name = Debug;
		};
		C2180C002F2FCF1B00480ABD /* Release */ = {
			isa = XCBuildConfiguration;
			buildSettings = {
				CODE_SIGN_ENTITLEMENTS = EnclosureNotificationContentExtension/EnclosureNotificationContentExtensionRelease.entitlements;
				CODE_SIGN_IDENTITY = "Apple Development";
				CODE_SIGN_STYLE = Automatic;
				CURRENT_PROJECT_VERSION = 1;
				DEVELOPMENT_TEAM = XR82K974UJ;
				GENERATE_INFOPLIST_FILE = NO;
				INFOPLIST_FILE = EnclosureNotificationContentExtension/Info.plist;
				INFOPLIST_KEY_CFBundleDisplayName = EnclosureNotificationContentExtension;
				INFOPLIST_KEY_NSHumanReadableCopyright = "";
				IPHONEOS_DEPLOYMENT_TARGET = 15.0;
				LD_RUNPATH_SEARCH_PATHS = (
					"$(inherited)",
					"@executable_path/Frameworks",
					"@executable_path/../../Frameworks",
				);
				MARKETING_VERSION = 1.0;
				PRODUCT_BUNDLE_IDENTIFIER = com.enclosure.EnclosureNotificationContentExtension;
				PRODUCT_NAME = "$(TARGET_NAME)";
				PROVISIONING_PROFILE_SPECIFIER = "";
				SKIP_INSTALL = YES;
				STRING_CATALOG_GENERATE_SYMBOLS = YES;
				SWIFT_APPROACHABLE_CONCURRENCY = YES;
				SWIFT_EMIT_LOC_STRINGS = YES;
				SWIFT_UPCOMING_FEATURE_MEMBER_IMPORT_VISIBILITY = YES;
				SWIFT_VERSION = 5.0;
				TARGETED_DEVICE_FAMILY = "1,2";
			};
			name = Release;
		};
		C220798F2D84819C006AA986 /* Debug */ = {
			isa = XCBuildConfiguration;
			buildSettings = {
				ALWAYS_SEARCH_USER_PATHS = NO;
				ASSETCATALOG_COMPILER_GENERATE_SWIFT_ASSET_SYMBOL_EXTENSIONS = YES;
				CLANG_ANALYZER_NONNULL = YES;
				CLANG_ANALYZER_NUMBER_OBJECT_CONVERSION = YES_AGGRESSIVE;
				CLANG_CXX_LANGUAGE_STANDARD = "gnu++20";
				CLANG_ENABLE_MODULES = YES;
				CLANG_ENABLE_OBJC_ARC = YES;
				CLANG_ENABLE_OBJC_WEAK = YES;
				CLANG_WARN_BLOCK_CAPTURE_AUTORELEASING = YES;
				CLANG_WARN_BOOL_CONVERSION = YES;
				CLANG_WARN_COMMA = YES;
				CLANG_WARN_CONSTANT_CONVERSION = YES;
				CLANG_WARN_DEPRECATED_OBJC_IMPLEMENTATIONS = YES;
				CLANG_WARN_DIRECT_OBJC_ISA_USAGE = YES_ERROR;
				CLANG_WARN_DOCUMENTATION_COMMENTS = YES;
				CLANG_WARN_EMPTY_BODY = YES;
				CLANG_WARN_ENUM_CONVERSION = YES;
				CLANG_WARN_INFINITE_RECURSION = YES;
				CLANG_WARN_INT_CONVERSION = YES;
				CLANG_WARN_NON_LITERAL_NULL_CONVERSION = YES;
				CLANG_WARN_OBJC_IMPLICIT_RETAIN_SELF = YES;
				CLANG_WARN_OBJC_LITERAL_CONVERSION = YES;
				CLANG_WARN_OBJC_ROOT_CLASS = YES_ERROR;
				CLANG_WARN_QUOTED_INCLUDE_IN_FRAMEWORK_HEADER = YES;
				CLANG_WARN_RANGE_LOOP_ANALYSIS = YES;
				CLANG_WARN_STRICT_PROTOTYPES = YES;
				CLANG_WARN_SUSPICIOUS_MOVE = YES;
				CLANG_WARN_UNGUARDED_AVAILABILITY = YES_AGGRESSIVE;
				CLANG_WARN_UNREACHABLE_CODE = YES;
				CLANG_WARN__DUPLICATE_METHOD_MATCH = YES;
				COPY_PHASE_STRIP = NO;
				DEBUG_INFORMATION_FORMAT = dwarf;
				ENABLE_STRICT_OBJC_MSGSEND = YES;
				ENABLE_TESTABILITY = YES;
				ENABLE_USER_SCRIPT_SANDBOXING = NO;
				GCC_C_LANGUAGE_STANDARD = gnu17;
				GCC_DYNAMIC_NO_PIC = NO;
				GCC_NO_COMMON_BLOCKS = YES;
				GCC_OPTIMIZATION_LEVEL = 0;
				GCC_PREPROCESSOR_DEFINITIONS = (
					"DEBUG=1",
					"$(inherited)",
				);
				GCC_WARN_64_TO_32_BIT_CONVERSION = YES;
				GCC_WARN_ABOUT_RETURN_TYPE = YES_ERROR;
				GCC_WARN_UNDECLARED_SELECTOR = YES;
				GCC_WARN_UNINITIALIZED_AUTOS = YES_AGGRESSIVE;
				GCC_WARN_UNUSED_FUNCTION = YES;
				GCC_WARN_UNUSED_VARIABLE = YES;
				IPHONEOS_DEPLOYMENT_TARGET = 18.2;
				LOCALIZATION_PREFERS_STRING_CATALOGS = YES;
				MTL_ENABLE_DEBUG_INFO = INCLUDE_SOURCE;
				MTL_FAST_MATH = YES;
				ONLY_ACTIVE_ARCH = YES;
				SDKROOT = iphoneos;
				SWIFT_ACTIVE_COMPILATION_CONDITIONS = "DEBUG $(inherited)";
				SWIFT_OPTIMIZATION_LEVEL = "-Onone";
			};
			name = Debug;
		};
		C22079902D84819C006AA986 /* Release */ = {
			isa = XCBuildConfiguration;
			buildSettings = {
				ALWAYS_SEARCH_USER_PATHS = NO;
				ASSETCATALOG_COMPILER_GENERATE_SWIFT_ASSET_SYMBOL_EXTENSIONS = YES;
				CLANG_ANALYZER_NONNULL = YES;
				CLANG_ANALYZER_NUMBER_OBJECT_CONVERSION = YES_AGGRESSIVE;
				CLANG_CXX_LANGUAGE_STANDARD = "gnu++20";
				CLANG_ENABLE_MODULES = YES;
				CLANG_ENABLE_OBJC_ARC = YES;
				CLANG_ENABLE_OBJC_WEAK = YES;
				CLANG_WARN_BLOCK_CAPTURE_AUTORELEASING = YES;
				CLANG_WARN_BOOL_CONVERSION = YES;
				CLANG_WARN_COMMA = YES;
				CLANG_WARN_CONSTANT_CONVERSION = YES;
				CLANG_WARN_DEPRECATED_OBJC_IMPLEMENTATIONS = YES;
				CLANG_WARN_DIRECT_OBJC_ISA_USAGE = YES_ERROR;
				CLANG_WARN_DOCUMENTATION_COMMENTS = YES;
				CLANG_WARN_EMPTY_BODY = YES;
				CLANG_WARN_ENUM_CONVERSION = YES;
				CLANG_WARN_INFINITE_RECURSION = YES;
				CLANG_WARN_INT_CONVERSION = YES;
				CLANG_WARN_NON_LITERAL_NULL_CONVERSION = YES;
				CLANG_WARN_OBJC_IMPLICIT_RETAIN_SELF = YES;
				CLANG_WARN_OBJC_LITERAL_CONVERSION = YES;
				CLANG_WARN_OBJC_ROOT_CLASS = YES_ERROR;
				CLANG_WARN_QUOTED_INCLUDE_IN_FRAMEWORK_HEADER = YES;
				CLANG_WARN_RANGE_LOOP_ANALYSIS = YES;
				CLANG_WARN_STRICT_PROTOTYPES = YES;
				CLANG_WARN_SUSPICIOUS_MOVE = YES;
				CLANG_WARN_UNGUARDED_AVAILABILITY = YES_AGGRESSIVE;
				CLANG_WARN_UNREACHABLE_CODE = YES;
				CLANG_WARN__DUPLICATE_METHOD_MATCH = YES;
				COPY_PHASE_STRIP = NO;
				DEBUG_INFORMATION_FORMAT = "dwarf-with-dsym";
				ENABLE_NS_ASSERTIONS = NO;
				ENABLE_STRICT_OBJC_MSGSEND = YES;
				ENABLE_USER_SCRIPT_SANDBOXING = NO;
				GCC_C_LANGUAGE_STANDARD = gnu17;
				GCC_NO_COMMON_BLOCKS = YES;
				GCC_WARN_64_TO_32_BIT_CONVERSION = YES;
				GCC_WARN_ABOUT_RETURN_TYPE = YES_ERROR;
				GCC_WARN_UNDECLARED_SELECTOR = YES;
				GCC_WARN_UNINITIALIZED_AUTOS = YES_AGGRESSIVE;
				GCC_WARN_UNUSED_FUNCTION = YES;
				GCC_WARN_UNUSED_VARIABLE = YES;
				IPHONEOS_DEPLOYMENT_TARGET = 18.2;
				LOCALIZATION_PREFERS_STRING_CATALOGS = YES;
				MTL_ENABLE_DEBUG_INFO = NO;
				MTL_FAST_MATH = YES;
				SDKROOT = iphoneos;
				SWIFT_COMPILATION_MODE = wholemodule;
				VALIDATE_PRODUCT = YES;
			};
			name = Release;
		};
		C22079922D84819C006AA986 /* Debug */ = {
			isa = XCBuildConfiguration;
			baseConfigurationReference = BB3C7F557CB60F0727B04572 /* Pods-Enclosure.debug.xcconfig */;
			buildSettings = {
				ASSETCATALOG_COMPILER_APPICON_NAME = AppIcon;
				ASSETCATALOG_COMPILER_GLOBAL_ACCENT_COLOR_NAME = AccentColor;
				ASSETCATALOG_COMPILER_INCLUDE_ALL_APPICON_ASSETS = YES;
				CODE_SIGN_ALLOW_ENTITLEMENTS_MODIFICATION = YES;
				CODE_SIGN_ENTITLEMENTS = Enclosure/Enclosure.entitlements;
				CODE_SIGN_STYLE = Automatic;
				CURRENT_PROJECT_VERSION = 5;
				DEVELOPMENT_ASSET_PATHS = "\"Enclosure/Preview Content\"";
				DEVELOPMENT_TEAM = XR82K974UJ;
				ENABLE_PREVIEWS = YES;
				GENERATE_INFOPLIST_FILE = YES;
				INFOPLIST_FILE = Enclosure/Info.plist;
				INFOPLIST_KEY_LSApplicationCategoryType = "public.app-category.social-networking";
				INFOPLIST_KEY_NSBluetoothAlwaysUsageDescription = "This app needs Bluetooth access for device communication.";
				INFOPLIST_KEY_NSCameraUsageDescription = "This app requires camera access for video calls.";
				INFOPLIST_KEY_NSContactsUsageDescription = "This app requires access to your contacts to help you connect with your friends.\n";
				INFOPLIST_KEY_NSLocalNetworkUsageDescription = "This app requires access to devices on your local network.";
				INFOPLIST_KEY_NSLocationAlwaysUsageDescription = "This app requires location access even when running in the background.";
				INFOPLIST_KEY_NSLocationWhenInUseUsageDescription = "This app requires location access to provide better services.";
				INFOPLIST_KEY_NSMicrophoneUsageDescription = "This app requires microphone access for voice communication.";
				INFOPLIST_KEY_NSPhotoLibraryUsageDescription = "This app requires access to your photo library to allow you to upload and share images.\n";
				INFOPLIST_KEY_UIApplicationSceneManifest_Generation = YES;
				INFOPLIST_KEY_UIApplicationSupportsIndirectInputEvents = YES;
				INFOPLIST_KEY_UILaunchScreen_Generation = YES;
				INFOPLIST_KEY_UILaunchStoryboardName = "Launch Screen.storyboard";
				INFOPLIST_KEY_UISupportedInterfaceOrientations = UIInterfaceOrientationPortrait;
				INFOPLIST_KEY_UISupportedInterfaceOrientations_iPad = UIInterfaceOrientationPortrait;
				INFOPLIST_KEY_UISupportedInterfaceOrientations_iPhone = "UIInterfaceOrientationPortrait UIInterfaceOrientationLandscapeLeft UIInterfaceOrientationLandscapeRight";
				IPHONEOS_DEPLOYMENT_TARGET = 16;
				LD_RUNPATH_SEARCH_PATHS = (
					"$(inherited)",
					"@executable_path/Frameworks",
				);
				MARKETING_VERSION = 1.0;
				PRODUCT_BUNDLE_IDENTIFIER = com.enclosure;
				PRODUCT_NAME = "$(TARGET_NAME)";
				SWIFT_EMIT_LOC_STRINGS = YES;
				SWIFT_VERSION = 5.0;
				TARGETED_DEVICE_FAMILY = "1,2";
			};
			name = Debug;
		};
		C22079932D84819C006AA986 /* Release */ = {
			isa = XCBuildConfiguration;
			baseConfigurationReference = 15A596267C037A605DC43C66 /* Pods-Enclosure.release.xcconfig */;
			buildSettings = {
				ASSETCATALOG_COMPILER_APPICON_NAME = AppIcon;
				ASSETCATALOG_COMPILER_GLOBAL_ACCENT_COLOR_NAME = AccentColor;
				ASSETCATALOG_COMPILER_INCLUDE_ALL_APPICON_ASSETS = YES;
				CODE_SIGN_ALLOW_ENTITLEMENTS_MODIFICATION = YES;
				CODE_SIGN_ENTITLEMENTS = Enclosure/EnclosureRelease.entitlements;
				CODE_SIGN_STYLE = Automatic;
				CURRENT_PROJECT_VERSION = 5;
				DEVELOPMENT_ASSET_PATHS = "\"Enclosure/Preview Content\"";
				DEVELOPMENT_TEAM = XR82K974UJ;
				ENABLE_PREVIEWS = YES;
				GENERATE_INFOPLIST_FILE = YES;
				INFOPLIST_FILE = Enclosure/Info.plist;
				INFOPLIST_KEY_LSApplicationCategoryType = "public.app-category.social-networking";
				INFOPLIST_KEY_NSBluetoothAlwaysUsageDescription = "This app needs Bluetooth access for device communication.";
				INFOPLIST_KEY_NSCameraUsageDescription = "This app requires camera access for video calls.";
				INFOPLIST_KEY_NSContactsUsageDescription = "This app requires access to your contacts to help you connect with your friends.\n";
				INFOPLIST_KEY_NSLocalNetworkUsageDescription = "This app requires access to devices on your local network.";
				INFOPLIST_KEY_NSLocationAlwaysUsageDescription = "This app requires location access even when running in the background.";
				INFOPLIST_KEY_NSLocationWhenInUseUsageDescription = "This app requires location access to provide better services.";
				INFOPLIST_KEY_NSMicrophoneUsageDescription = "This app requires microphone access for voice communication.";
				INFOPLIST_KEY_NSPhotoLibraryUsageDescription = "This app requires access to your photo library to allow you to upload and share images.\n";
				INFOPLIST_KEY_UIApplicationSceneManifest_Generation = YES;
				INFOPLIST_KEY_UIApplicationSupportsIndirectInputEvents = YES;
				INFOPLIST_KEY_UILaunchScreen_Generation = YES;
				INFOPLIST_KEY_UILaunchStoryboardName = "Launch Screen.storyboard";
				INFOPLIST_KEY_UISupportedInterfaceOrientations = UIInterfaceOrientationPortrait;
				INFOPLIST_KEY_UISupportedInterfaceOrientations_iPad = UIInterfaceOrientationPortrait;
				INFOPLIST_KEY_UISupportedInterfaceOrientations_iPhone = "UIInterfaceOrientationPortrait UIInterfaceOrientationLandscapeLeft UIInterfaceOrientationLandscapeRight";
				IPHONEOS_DEPLOYMENT_TARGET = 16;
				LD_RUNPATH_SEARCH_PATHS = (
					"$(inherited)",
					"@executable_path/Frameworks",
				);
				MARKETING_VERSION = 1.0;
				PRODUCT_BUNDLE_IDENTIFIER = com.enclosure;
				PRODUCT_NAME = "$(TARGET_NAME)";
				SWIFT_EMIT_LOC_STRINGS = YES;
				SWIFT_VERSION = 5.0;
				TARGETED_DEVICE_FAMILY = "1,2";
			};
			name = Release;
		};
		C22079952D84819C006AA986 /* Debug */ = {
			isa = XCBuildConfiguration;
			buildSettings = {
				BUNDLE_LOADER = "$(TEST_HOST)";
				CODE_SIGN_STYLE = Automatic;
				CURRENT_PROJECT_VERSION = 1;
				DEVELOPMENT_TEAM = XR82K974UJ;
				GENERATE_INFOPLIST_FILE = YES;
				IPHONEOS_DEPLOYMENT_TARGET = 18.2;
				MARKETING_VERSION = 1.0;
				PRODUCT_BUNDLE_IDENTIFIER = com.enclosure.EnclosureTests;
				PRODUCT_NAME = "$(TARGET_NAME)";
				SWIFT_EMIT_LOC_STRINGS = NO;
				SWIFT_VERSION = 5.0;
				TARGETED_DEVICE_FAMILY = "1,2";
				TEST_HOST = "$(BUILT_PRODUCTS_DIR)/Enclosure.app/$(BUNDLE_EXECUTABLE_FOLDER_PATH)/Enclosure";
			};
			name = Debug;
		};
		C22079962D84819C006AA986 /* Release */ = {
			isa = XCBuildConfiguration;
			buildSettings = {
				BUNDLE_LOADER = "$(TEST_HOST)";
				CODE_SIGN_STYLE = Automatic;
				CURRENT_PROJECT_VERSION = 1;
				DEVELOPMENT_TEAM = XR82K974UJ;
				GENERATE_INFOPLIST_FILE = YES;
				IPHONEOS_DEPLOYMENT_TARGET = 18.2;
				MARKETING_VERSION = 1.0;
				PRODUCT_BUNDLE_IDENTIFIER = com.enclosure.EnclosureTests;
				PRODUCT_NAME = "$(TARGET_NAME)";
				SWIFT_EMIT_LOC_STRINGS = NO;
				SWIFT_VERSION = 5.0;
				TARGETED_DEVICE_FAMILY = "1,2";
				TEST_HOST = "$(BUILT_PRODUCTS_DIR)/Enclosure.app/$(BUNDLE_EXECUTABLE_FOLDER_PATH)/Enclosure";
			};
			name = Release;
		};
		C22079982D84819C006AA986 /* Debug */ = {
			isa = XCBuildConfiguration;
			buildSettings = {
				CODE_SIGN_STYLE = Automatic;
				CURRENT_PROJECT_VERSION = 1;
				DEVELOPMENT_TEAM = XR82K974UJ;
				GENERATE_INFOPLIST_FILE = YES;
				MARKETING_VERSION = 1.0;
				PRODUCT_BUNDLE_IDENTIFIER = com.enclosure.EnclosureUITests;
				PRODUCT_NAME = "$(TARGET_NAME)";
				SWIFT_EMIT_LOC_STRINGS = NO;
				SWIFT_VERSION = 5.0;
				TARGETED_DEVICE_FAMILY = "1,2";
				TEST_TARGET_NAME = Enclosure;
			};
			name = Debug;
		};
		C22079992D84819C006AA986 /* Release */ = {
			isa = XCBuildConfiguration;
			buildSettings = {
				CODE_SIGN_STYLE = Automatic;
				CURRENT_PROJECT_VERSION = 1;
				DEVELOPMENT_TEAM = XR82K974UJ;
				GENERATE_INFOPLIST_FILE = YES;
				MARKETING_VERSION = 1.0;
				PRODUCT_BUNDLE_IDENTIFIER = com.enclosure.EnclosureUITests;
				PRODUCT_NAME = "$(TARGET_NAME)";
				SWIFT_EMIT_LOC_STRINGS = NO;
				SWIFT_VERSION = 5.0;
				TARGETED_DEVICE_FAMILY = "1,2";
				TEST_TARGET_NAME = Enclosure;
			};
			name = Release;
		};
		C2B6C8E22F33122B00F17B5E /* Debug */ = {
			isa = XCBuildConfiguration;
			buildSettings = {
				CODE_SIGN_ENTITLEMENTS = EnclosureNotificationService/EnclosureNotificationService.entitlements;
				CODE_SIGN_STYLE = Automatic;
				CURRENT_PROJECT_VERSION = 1;
				DEVELOPMENT_TEAM = XR82K974UJ;
				GENERATE_INFOPLIST_FILE = YES;
				INFOPLIST_FILE = EnclosureNotificationService/Info.plist;
				INFOPLIST_KEY_CFBundleDisplayName = EnclosureNotificationService;
				INFOPLIST_KEY_NSHumanReadableCopyright = "";
				IPHONEOS_DEPLOYMENT_TARGET = 15.0;
				LD_RUNPATH_SEARCH_PATHS = (
					"$(inherited)",
					"@executable_path/Frameworks",
					"@executable_path/../../Frameworks",
				);
				MARKETING_VERSION = 1.0;
				PRODUCT_BUNDLE_IDENTIFIER = com.enclosure.EnclosureNotificationService;
				PRODUCT_NAME = "$(TARGET_NAME)";
				SKIP_INSTALL = YES;
				STRING_CATALOG_GENERATE_SYMBOLS = YES;
				SWIFT_APPROACHABLE_CONCURRENCY = YES;
				SWIFT_EMIT_LOC_STRINGS = YES;
				SWIFT_UPCOMING_FEATURE_MEMBER_IMPORT_VISIBILITY = YES;
				SWIFT_VERSION = 5.0;
				TARGETED_DEVICE_FAMILY = "1,2";
			};
			name = Debug;
		};
		C2B6C8E32F33122B00F17B5E /* Release */ = {
			isa = XCBuildConfiguration;
			buildSettings = {
				CODE_SIGN_ENTITLEMENTS = EnclosureNotificationService/EnclosureNotificationServiceRelease.entitlements;
				CODE_SIGN_STYLE = Automatic;
				CURRENT_PROJECT_VERSION = 1;
				DEVELOPMENT_TEAM = XR82K974UJ;
				GENERATE_INFOPLIST_FILE = YES;
				INFOPLIST_FILE = EnclosureNotificationService/Info.plist;
				INFOPLIST_KEY_CFBundleDisplayName = EnclosureNotificationService;
				INFOPLIST_KEY_NSHumanReadableCopyright = "";
				IPHONEOS_DEPLOYMENT_TARGET = 15.0;
				LD_RUNPATH_SEARCH_PATHS = (
					"$(inherited)",
					"@executable_path/Frameworks",
					"@executable_path/../../Frameworks",
				);
				MARKETING_VERSION = 1.0;
				PRODUCT_BUNDLE_IDENTIFIER = com.enclosure.EnclosureNotificationService;
				PRODUCT_NAME = "$(TARGET_NAME)";
				SKIP_INSTALL = YES;
				STRING_CATALOG_GENERATE_SYMBOLS = YES;
				SWIFT_APPROACHABLE_CONCURRENCY = YES;
				SWIFT_EMIT_LOC_STRINGS = YES;
				SWIFT_UPCOMING_FEATURE_MEMBER_IMPORT_VISIBILITY = YES;
				SWIFT_VERSION = 5.0;
				TARGETED_DEVICE_FAMILY = "1,2";
			};
			name = Release;
		};
		C2C091402F18C29400932D59 /* Debug */ = {
			isa = XCBuildConfiguration;
			buildSettings = {
				CODE_SIGN_ENTITLEMENTS = EnclosureShareExtension/EnclosureShareExtension.entitlements;
				CODE_SIGN_STYLE = Automatic;
				CURRENT_PROJECT_VERSION = 1;
				DEVELOPMENT_TEAM = XR82K974UJ;
				GENERATE_INFOPLIST_FILE = YES;
				INFOPLIST_FILE = EnclosureShareExtension/Info.plist;
				INFOPLIST_KEY_CFBundleDisplayName = EnclosureShareExtension;
				INFOPLIST_KEY_NSHumanReadableCopyright = "";
				IPHONEOS_DEPLOYMENT_TARGET = 18.2;
				LD_RUNPATH_SEARCH_PATHS = (
					"$(inherited)",
					"@executable_path/Frameworks",
					"@executable_path/../../Frameworks",
				);
				MARKETING_VERSION = 1.0;
				PRODUCT_BUNDLE_IDENTIFIER = com.enclosure.EnclosureShareExtension;
				PRODUCT_NAME = "$(TARGET_NAME)";
				SKIP_INSTALL = YES;
				STRING_CATALOG_GENERATE_SYMBOLS = YES;
				SWIFT_APPROACHABLE_CONCURRENCY = YES;
				SWIFT_EMIT_LOC_STRINGS = YES;
				SWIFT_UPCOMING_FEATURE_MEMBER_IMPORT_VISIBILITY = YES;
				SWIFT_VERSION = 5.0;
				TARGETED_DEVICE_FAMILY = "1,2";
			};
			name = Debug;
		};
		C2C091412F18C29400932D59 /* Release */ = {
			isa = XCBuildConfiguration;
			buildSettings = {
				CODE_SIGN_ENTITLEMENTS = EnclosureShareExtension/EnclosureShareExtension.entitlements;
				CODE_SIGN_STYLE = Automatic;
				CURRENT_PROJECT_VERSION = 1;
				DEVELOPMENT_TEAM = XR82K974UJ;
				GENERATE_INFOPLIST_FILE = YES;
				INFOPLIST_FILE = EnclosureShareExtension/Info.plist;
				INFOPLIST_KEY_CFBundleDisplayName = EnclosureShareExtension;
				INFOPLIST_KEY_NSHumanReadableCopyright = "";
				IPHONEOS_DEPLOYMENT_TARGET = 18.2;
				LD_RUNPATH_SEARCH_PATHS = (
					"$(inherited)",
					"@executable_path/Frameworks",
					"@executable_path/../../Frameworks",
				);
				MARKETING_VERSION = 1.0;
				PRODUCT_BUNDLE_IDENTIFIER = com.enclosure.EnclosureShareExtension;
				PRODUCT_NAME = "$(TARGET_NAME)";
				SKIP_INSTALL = YES;
				STRING_CATALOG_GENERATE_SYMBOLS = YES;
				SWIFT_APPROACHABLE_CONCURRENCY = YES;
				SWIFT_EMIT_LOC_STRINGS = YES;
				SWIFT_UPCOMING_FEATURE_MEMBER_IMPORT_VISIBILITY = YES;
				SWIFT_VERSION = 5.0;
				TARGETED_DEVICE_FAMILY = "1,2";
			};
			name = Release;
		};
/* End XCBuildConfiguration section */

/* Begin XCConfigurationList section */
		C2180C012F2FCF1B00480ABD /* Build configuration list for PBXNativeTarget "EnclosureNotificationContentExtension" */ = {
			isa = XCConfigurationList;
			buildConfigurations = (
				C2180BFF2F2FCF1B00480ABD /* Debug */,
				C2180C002F2FCF1B00480ABD /* Release */,
			);
			defaultConfigurationIsVisible = 0;
			defaultConfigurationName = Release;
		};
		C22079632D848199006AA986 /* Build configuration list for PBXProject "Enclosure" */ = {
			isa = XCConfigurationList;
			buildConfigurations = (
				C220798F2D84819C006AA986 /* Debug */,
				C22079902D84819C006AA986 /* Release */,
			);
			defaultConfigurationIsVisible = 0;
			defaultConfigurationName = Release;
		};
		C22079912D84819C006AA986 /* Build configuration list for PBXNativeTarget "Enclosure" */ = {
			isa = XCConfigurationList;
			buildConfigurations = (
				C22079922D84819C006AA986 /* Debug */,
				C22079932D84819C006AA986 /* Release */,
			);
			defaultConfigurationIsVisible = 0;
			defaultConfigurationName = Release;
		};
		C22079942D84819C006AA986 /* Build configuration list for PBXNativeTarget "EnclosureTests" */ = {
			isa = XCConfigurationList;
			buildConfigurations = (
				C22079952D84819C006AA986 /* Debug */,
				C22079962D84819C006AA986 /* Release */,
			);
			defaultConfigurationIsVisible = 0;
			defaultConfigurationName = Release;
		};
		C22079972D84819C006AA986 /* Build configuration list for PBXNativeTarget "EnclosureUITests" */ = {
			isa = XCConfigurationList;
			buildConfigurations = (
				C22079982D84819C006AA986 /* Debug */,
				C22079992D84819C006AA986 /* Release */,
			);
			defaultConfigurationIsVisible = 0;
			defaultConfigurationName = Release;
		};
		C2B6C8E12F33122B00F17B5E /* Build configuration list for PBXNativeTarget "EnclosureNotificationService" */ = {
			isa = XCConfigurationList;
			buildConfigurations = (
				C2B6C8E22F33122B00F17B5E /* Debug */,
				C2B6C8E32F33122B00F17B5E /* Release */,
			);
			defaultConfigurationIsVisible = 0;
			defaultConfigurationName = Release;
		};
		C2C0913F2F18C29400932D59 /* Build configuration list for PBXNativeTarget "EnclosureShareExtension" */ = {
			isa = XCConfigurationList;
			buildConfigurations = (
				C2C091402F18C29400932D59 /* Debug */,
				C2C091412F18C29400932D59 /* Release */,
			);
			defaultConfigurationIsVisible = 0;
			defaultConfigurationName = Release;
		};
/* End XCConfigurationList section */

/* Begin XCRemoteSwiftPackageReference section */
		C2449C9E2F1FC930003B6DB7 /* XCRemoteSwiftPackageReference "PopGestureRecognizerSwiftUI" */ = {
			isa = XCRemoteSwiftPackageReference;
			repositoryURL = "https://github.com/hayek/PopGestureRecognizerSwiftUI";
			requirement = {
				kind = upToNextMajorVersion;
				minimumVersion = 2.0.0;
			};
		};
		C261E2982D95334700E1CFE6 /* XCRemoteSwiftPackageReference "Alamofire" */ = {
			isa = XCRemoteSwiftPackageReference;
			repositoryURL = "https://github.com/Alamofire/Alamofire.git";
			requirement = {
				kind = upToNextMajorVersion;
				minimumVersion = 5.10.2;
			};
		};
		C261E29F2D95334700E1CFE9 /* XCRemoteSwiftPackageReference "firebase-ios-sdk" */ = {
			isa = XCRemoteSwiftPackageReference;
			repositoryURL = "https://github.com/firebase/firebase-ios-sdk";
			requirement = {
				kind = upToNextMajorVersion;
				minimumVersion = 11.0.0;
			};
		};
		C2CC67FD2F064961004ABBF9 /* XCRemoteSwiftPackageReference "lottie-ios" */ = {
			isa = XCRemoteSwiftPackageReference;
			repositoryURL = "https://github.com/airbnb/lottie-ios.git";
			requirement = {
				kind = upToNextMajorVersion;
				minimumVersion = 4.5.2;
			};
		};
/* End XCRemoteSwiftPackageReference section */

/* Begin XCSwiftPackageProductDependency section */
		C2449C9F2F1FC930003B6DB7 /* PopGestureRecognizerSwiftUI */ = {
			isa = XCSwiftPackageProductDependency;
			package = C2449C9E2F1FC930003B6DB7 /* XCRemoteSwiftPackageReference "PopGestureRecognizerSwiftUI" */;
			productName = PopGestureRecognizerSwiftUI;
		};
		C261E2992D95334700E1CFE6 /* Alamofire */ = {
			isa = XCSwiftPackageProductDependency;
			package = C261E2982D95334700E1CFE6 /* XCRemoteSwiftPackageReference "Alamofire" */;
			productName = Alamofire;
		};
		C261E29C2D95334700E1CFE7 /* FirebaseCore */ = {
			isa = XCSwiftPackageProductDependency;
			package = C261E29F2D95334700E1CFE9 /* XCRemoteSwiftPackageReference "firebase-ios-sdk" */;
			productName = FirebaseCore;
		};
		C261E29E2D95334700E1CFE8 /* FirebaseMessaging */ = {
			isa = XCSwiftPackageProductDependency;
			package = C261E29F2D95334700E1CFE9 /* XCRemoteSwiftPackageReference "firebase-ios-sdk" */;
			productName = FirebaseMessaging;
		};
		C281549E2EE56B560033FB02 /* FirebaseAI */ = {
			isa = XCSwiftPackageProductDependency;
			package = C261E29F2D95334700E1CFE9 /* XCRemoteSwiftPackageReference "firebase-ios-sdk" */;
			productName = FirebaseAI;
		};
		C28154A02EE56B560033FB02 /* FirebaseAnalytics */ = {
			isa = XCSwiftPackageProductDependency;
			package = C261E29F2D95334700E1CFE9 /* XCRemoteSwiftPackageReference "firebase-ios-sdk" */;
			productName = FirebaseAnalytics;
		};
		C28154A22EE56B560033FB02 /* FirebaseAnalyticsCore */ = {
			isa = XCSwiftPackageProductDependency;
			package = C261E29F2D95334700E1CFE9 /* XCRemoteSwiftPackageReference "firebase-ios-sdk" */;
			productName = FirebaseAnalyticsCore;
		};
		C28154A42EE56B560033FB02 /* FirebaseAnalyticsIdentitySupport */ = {
			isa = XCSwiftPackageProductDependency;
			package = C261E29F2D95334700E1CFE9 /* XCRemoteSwiftPackageReference "firebase-ios-sdk" */;
			productName = FirebaseAnalyticsIdentitySupport;
		};
		C28154A82EE56B560033FB02 /* FirebaseAuth */ = {
			isa = XCSwiftPackageProductDependency;
			package = C261E29F2D95334700E1CFE9 /* XCRemoteSwiftPackageReference "firebase-ios-sdk" */;
			productName = FirebaseAuth;
		};
		C28154AA2EE56B560033FB02 /* FirebaseCrashlytics */ = {
			isa = XCSwiftPackageProductDependency;
			package = C261E29F2D95334700E1CFE9 /* XCRemoteSwiftPackageReference "firebase-ios-sdk" */;
			productName = FirebaseCrashlytics;
		};
		C28154AC2EE56B560033FB02 /* FirebaseDatabase */ = {
			isa = XCSwiftPackageProductDependency;
			package = C261E29F2D95334700E1CFE9 /* XCRemoteSwiftPackageReference "firebase-ios-sdk" */;
			productName = FirebaseDatabase;
		};
		C28154B02EE56B560033FB02 /* FirebaseStorage */ = {
			isa = XCSwiftPackageProductDependency;
			package = C261E29F2D95334700E1CFE9 /* XCRemoteSwiftPackageReference "firebase-ios-sdk" */;
			productName = FirebaseStorage;
		};
		C2CC67FE2F064961004ABBF9 /* Lottie */ = {
			isa = XCSwiftPackageProductDependency;
			package = C2CC67FD2F064961004ABBF9 /* XCRemoteSwiftPackageReference "lottie-ios" */;
			productName = Lottie;
		};
/* End XCSwiftPackageProductDependency section */
	};
	rootObject = C22079602D848199006AA986 /* Project object */;
}
